// !$*UTF8*$!
{
	archiveVersion = 1;
	classes = {
	};
	objectVersion = 46;
	objects = {

/* Begin PBXBuildFile section */
		660946FF1F21269F006CD4C2 /* AppDelegate.swift in Sources */ = {isa = PBXBuildFile; fileRef = 660946FE1F21269F006CD4C2 /* AppDelegate.swift */; };
		660947011F21269F006CD4C2 /* ViewController.swift in Sources */ = {isa = PBXBuildFile; fileRef = 660947001F21269F006CD4C2 /* ViewController.swift */; };
		660947041F21269F006CD4C2 /* Main.storyboard in Resources */ = {isa = PBXBuildFile; fileRef = 660947021F21269F006CD4C2 /* Main.storyboard */; };
		660947061F21269F006CD4C2 /* Assets.xcassets in Resources */ = {isa = PBXBuildFile; fileRef = 660947051F21269F006CD4C2 /* Assets.xcassets */; };
		660947091F21269F006CD4C2 /* LaunchScreen.storyboard in Resources */ = {isa = PBXBuildFile; fileRef = 660947071F21269F006CD4C2 /* LaunchScreen.storyboard */; };
		660947171F2126F1006CD4C2 /* CellType1.swift in Sources */ = {isa = PBXBuildFile; fileRef = 660947111F2126F1006CD4C2 /* CellType1.swift */; };
		660947181F2126F1006CD4C2 /* CellType2.swift in Sources */ = {isa = PBXBuildFile; fileRef = 660947121F2126F1006CD4C2 /* CellType2.swift */; };
		660947191F2126F1006CD4C2 /* CellType3.swift in Sources */ = {isa = PBXBuildFile; fileRef = 660947131F2126F1006CD4C2 /* CellType3.swift */; };
		6609471A1F2126F1006CD4C2 /* CellType4.swift in Sources */ = {isa = PBXBuildFile; fileRef = 660947141F2126F1006CD4C2 /* CellType4.swift */; };
		6609471B1F2126F1006CD4C2 /* CellType5.swift in Sources */ = {isa = PBXBuildFile; fileRef = 660947151F2126F1006CD4C2 /* CellType5.swift */; };
		6609471E1F21270B006CD4C2 /* TableFactory.swift in Sources */ = {isa = PBXBuildFile; fileRef = 6609471D1F21270B006CD4C2 /* TableFactory.swift */; };
		660947201F212714006CD4C2 /* TableViewCellProtocol.swift in Sources */ = {isa = PBXBuildFile; fileRef = 6609471F1F212714006CD4C2 /* TableViewCellProtocol.swift */; };
/* End PBXBuildFile section */

/* Begin PBXFileReference section */
		660946FB1F21269F006CD4C2 /* Demo.app */ = {isa = PBXFileReference; explicitFileType = wrapper.application; includeInIndex = 0; path = Demo.app; sourceTree = BUILT_PRODUCTS_DIR; };
		660946FE1F21269F006CD4C2 /* AppDelegate.swift */ = {isa = PBXFileReference; lastKnownFileType = sourcecode.swift; path = AppDelegate.swift; sourceTree = "<group>"; };
		660947001F21269F006CD4C2 /* ViewController.swift */ = {isa = PBXFileReference; lastKnownFileType = sourcecode.swift; path = ViewController.swift; sourceTree = "<group>"; };
		660947031F21269F006CD4C2 /* Base */ = {isa = PBXFileReference; lastKnownFileType = file.storyboard; name = Base; path = Base.lproj/Main.storyboard; sourceTree = "<group>"; };
		660947051F21269F006CD4C2 /* Assets.xcassets */ = {isa = PBXFileReference; lastKnownFileType = folder.assetcatalog; path = Assets.xcassets; sourceTree = "<group>"; };
		660947081F21269F006CD4C2 /* Base */ = {isa = PBXFileReference; lastKnownFileType = file.storyboard; name = Base; path = Base.lproj/LaunchScreen.storyboard; sourceTree = "<group>"; };
		6609470A1F21269F006CD4C2 /* Info.plist */ = {isa = PBXFileReference; lastKnownFileType = text.plist.xml; path = Info.plist; sourceTree = "<group>"; };
		660947111F2126F1006CD4C2 /* CellType1.swift */ = {isa = PBXFileReference; fileEncoding = 4; lastKnownFileType = sourcecode.swift; path = CellType1.swift; sourceTree = "<group>"; };
		660947121F2126F1006CD4C2 /* CellType2.swift */ = {isa = PBXFileReference; fileEncoding = 4; lastKnownFileType = sourcecode.swift; path = CellType2.swift; sourceTree = "<group>"; };
		660947131F2126F1006CD4C2 /* CellType3.swift */ = {isa = PBXFileReference; fileEncoding = 4; lastKnownFileType = sourcecode.swift; path = CellType3.swift; sourceTree = "<group>"; };
		660947141F2126F1006CD4C2 /* CellType4.swift */ = {isa = PBXFileReference; fileEncoding = 4; lastKnownFileType = sourcecode.swift; path = CellType4.swift; sourceTree = "<group>"; };
		660947151F2126F1006CD4C2 /* CellType5.swift */ = {isa = PBXFileReference; fileEncoding = 4; lastKnownFileType = sourcecode.swift; path = CellType5.swift; sourceTree = "<group>"; };
		6609471D1F21270B006CD4C2 /* TableFactory.swift */ = {isa = PBXFileReference; fileEncoding = 4; lastKnownFileType = sourcecode.swift; path = TableFactory.swift; sourceTree = "<group>"; };
		6609471F1F212714006CD4C2 /* TableViewCellProtocol.swift */ = {isa = PBXFileReference; fileEncoding = 4; lastKnownFileType = sourcecode.swift; path = TableViewCellProtocol.swift; sourceTree = "<group>"; };
/* End PBXFileReference section */

/* Begin PBXFrameworksBuildPhase section */
		660946F81F21269F006CD4C2 /* Frameworks */ = {
			isa = PBXFrameworksBuildPhase;
			buildActionMask = 2147483647;
			files = (
			);
			runOnlyForDeploymentPostprocessing = 0;
		};
/* End PBXFrameworksBuildPhase section */

/* Begin PBXGroup section */
		660946F21F21269F006CD4C2 = {
			isa = PBXGroup;
			children = (
				660947101F2126E8006CD4C2 /* cell */,
				660946FD1F21269F006CD4C2 /* Demo */,
				660946FC1F21269F006CD4C2 /* Products */,
			);
			sourceTree = "<group>";
		};
		660946FC1F21269F006CD4C2 /* Products */ = {
			isa = PBXGroup;
			children = (
				660946FB1F21269F006CD4C2 /* Demo.app */,
			);
			name = Products;
			sourceTree = "<group>";
		};
		660946FD1F21269F006CD4C2 /* Demo */ = {
			isa = PBXGroup;
			children = (
				6609471D1F21270B006CD4C2 /* TableFactory.swift */,
				6609471F1F212714006CD4C2 /* TableViewCellProtocol.swift */,
				660946FE1F21269F006CD4C2 /* AppDelegate.swift */,
				660947001F21269F006CD4C2 /* ViewController.swift */,
				660947021F21269F006CD4C2 /* Main.storyboard */,
				660947051F21269F006CD4C2 /* Assets.xcassets */,
				660947071F21269F006CD4C2 /* LaunchScreen.storyboard */,
				6609470A1F21269F006CD4C2 /* Info.plist */,
			);
			path = Demo;
			sourceTree = "<group>";
		};
		660947101F2126E8006CD4C2 /* cell */ = {
			isa = PBXGroup;
			children = (
				660947111F2126F1006CD4C2 /* CellType1.swift */,
				660947121F2126F1006CD4C2 /* CellType2.swift */,
				660947131F2126F1006CD4C2 /* CellType3.swift */,
				660947141F2126F1006CD4C2 /* CellType4.swift */,
				660947151F2126F1006CD4C2 /* CellType5.swift */,
			);
			name = cell;
			sourceTree = "<group>";
		};
/* End PBXGroup section */

/* Begin PBXNativeTarget section */
		660946FA1F21269F006CD4C2 /* Demo */ = {
			isa = PBXNativeTarget;
			buildConfigurationList = 6609470D1F21269F006CD4C2 /* Build configuration list for PBXNativeTarget "Demo" */;
			buildPhases = (
				660946F71F21269F006CD4C2 /* Sources */,
				660946F81F21269F006CD4C2 /* Frameworks */,
				660946F91F21269F006CD4C2 /* Resources */,
			);
			buildRules = (
			);
			dependencies = (
			);
			name = Demo;
			productName = Demo;
			productReference = 660946FB1F21269F006CD4C2 /* Demo.app */;
			productType = "com.apple.product-type.application";
		};
/* End PBXNativeTarget section */

/* Begin PBXProject section */
		660946F31F21269F006CD4C2 /* Project object */ = {
			isa = PBXProject;
			attributes = {
				LastSwiftUpdateCheck = 0830;
				LastUpgradeCheck = 0830;
				ORGANIZATIONNAME = vis;
				TargetAttributes = {
					660946FA1F21269F006CD4C2 = {
						CreatedOnToolsVersion = 8.3.3;
						DevelopmentTeam = 58997MF796;
						ProvisioningStyle = Automatic;
					};
				};
			};
			buildConfigurationList = 660946F61F21269F006CD4C2 /* Build configuration list for PBXProject "Demo" */;
			compatibilityVersion = "Xcode 3.2";
			developmentRegion = English;
			hasScannedForEncodings = 0;
			knownRegions = (
				en,
				Base,
			);
			mainGroup = 660946F21F21269F006CD4C2;
			productRefGroup = 660946FC1F21269F006CD4C2 /* Products */;
			projectDirPath = "";
			projectRoot = "";
			targets = (
				660946FA1F21269F006CD4C2 /* Demo */,
			);
		};
/* End PBXProject section */

/* Begin PBXResourcesBuildPhase section */
		660946F91F21269F006CD4C2 /* Resources */ = {
			isa = PBXResourcesBuildPhase;
			buildActionMask = 2147483647;
			files = (
				660947091F21269F006CD4C2 /* LaunchScreen.storyboard in Resources */,
				660947061F21269F006CD4C2 /* Assets.xcassets in Resources */,
				660947041F21269F006CD4C2 /* Main.storyboard in Resources */,
			);
			runOnlyForDeploymentPostprocessing = 0;
		};
/* End PBXResourcesBuildPhase section */

/* Begin PBXSourcesBuildPhase section */
		660946F71F21269F006CD4C2 /* Sources */ = {
			isa = PBXSourcesBuildPhase;
			buildActionMask = 2147483647;
			files = (
				660947201F212714006CD4C2 /* TableViewCellProtocol.swift in Sources */,
				660947011F21269F006CD4C2 /* ViewController.swift in Sources */,
				660947171F2126F1006CD4C2 /* CellType1.swift in Sources */,
				6609471A1F2126F1006CD4C2 /* CellType4.swift in Sources */,
				660947181F2126F1006CD4C2 /* CellType2.swift in Sources */,
				660946FF1F21269F006CD4C2 /* AppDelegate.swift in Sources */,
				6609471E1F21270B006CD4C2 /* TableFactory.swift in Sources */,
				6609471B1F2126F1006CD4C2 /* CellType5.swift in Sources */,
				660947191F2126F1006CD4C2 /* CellType3.swift in Sources */,
			);
			runOnlyForDeploymentPostprocessing = 0;
		};
/* End PBXSourcesBuildPhase section */

/* Begin PBXVariantGroup section */
		660947021F21269F006CD4C2 /* Main.storyboard */ = {
			isa = PBXVariantGroup;
			children = (
				660947031F21269F006CD4C2 /* Base */,
			);
			name = Main.storyboard;
			sourceTree = "<group>";
		};
		660947071F21269F006CD4C2 /* LaunchScreen.storyboard */ = {
			isa = PBXVariantGroup;
			children = (
				660947081F21269F006CD4C2 /* Base */,
			);
			name = LaunchScreen.storyboard;
			sourceTree = "<group>";
		};
/* End PBXVariantGroup section */

/* Begin XCBuildConfiguration section */
		6609470B1F21269F006CD4C2 /* Debug */ = {
			isa = XCBuildConfiguration;
			buildSettings = {
				ALWAYS_SEARCH_USER_PATHS = NO;
				CLANG_ANALYZER_NONNULL = YES;
				CLANG_ANALYZER_NUMBER_OBJECT_CONVERSION = YES_AGGRESSIVE;
				CLANG_CXX_LANGUAGE_STANDARD = "gnu++0x";
				CLANG_CXX_LIBRARY = "libc++";
				CLANG_ENABLE_MODULES = YES;
				CLANG_ENABLE_OBJC_ARC = YES;
				CLANG_WARN_BOOL_CONVERSION = YES;
				CLANG_WARN_CONSTANT_CONVERSION = YES;
				CLANG_WARN_DIRECT_OBJC_ISA_USAGE = YES_ERROR;
				CLANG_WARN_DOCUMENTATION_COMMENTS = YES;
				CLANG_WARN_EMPTY_BODY = YES;
				CLANG_WARN_ENUM_CONVERSION = YES;
				CLANG_WARN_INFINITE_RECURSION = YES;
				CLANG_WARN_INT_CONVERSION = YES;
				CLANG_WARN_OBJC_ROOT_CLASS = YES_ERROR;
				CLANG_WARN_SUSPICIOUS_MOVE = YES;
				CLANG_WARN_UNREACHABLE_CODE = YES;
				CLANG_WARN__DUPLICATE_METHOD_MATCH = YES;
				"CODE_SIGN_IDENTITY[sdk=iphoneos*]" = "iPhone Developer";
				COPY_PHASE_STRIP = NO;
				DEBUG_INFORMATION_FORMAT = dwarf;
				ENABLE_STRICT_OBJC_MSGSEND = YES;
				ENABLE_TESTABILITY = YES;
				GCC_C_LANGUAGE_STANDARD = gnu99;
				GCC_DYNAMIC_NO_PIC = NO;
				GCC_NO_COMMON_BLOCKS = YES;
				GCC_OPTIMIZATION_LEVEL = 0;
				GCC_PREPROCESSOR_DEFINITIONS = (
					"DEBUG=1",
					"$(inherited)",
				);
				GCC_WARN_64_TO_32_BIT_CONVERSION = YES;
				GCC_WARN_ABOUT_RETURN_TYPE = YES_ERROR;
				GCC_WARN_UNDECLARED_SELECTOR = YES;
				GCC_WARN_UNINITIALIZED_AUTOS = YES_AGGRESSIVE;
				GCC_WARN_UNUSED_FUNCTION = YES;
				GCC_WARN_UNUSED_VARIABLE = YES;
				IPHONEOS_DEPLOYMENT_TARGET = 10.3;
				MTL_ENABLE_DEBUG_INFO = YES;
				ONLY_ACTIVE_ARCH = YES;
				SDKROOT = iphoneos;
				SWIFT_ACTIVE_COMPILATION_CONDITIONS = DEBUG;
				SWIFT_OPTIMIZATION_LEVEL = "-Onone";
				TARGETED_DEVICE_FAMILY = "1,2";
			};
			name = Debug;
		};
		6609470C1F21269F006CD4C2 /* Release */ = {
			isa = XCBuildConfiguration;
			buildSettings = {
				ALWAYS_SEARCH_USER_PATHS = NO;
				CLANG_ANALYZER_NONNULL = YES;
				CLANG_ANALYZER_NUMBER_OBJECT_CONVERSION = YES_AGGRESSIVE;
				CLANG_CXX_LANGUAGE_STANDARD = "gnu++0x";
				CLANG_CXX_LIBRARY = "libc++";
				CLANG_ENABLE_MODULES = YES;
				CLANG_ENABLE_OBJC_ARC = YES;
				CLANG_WARN_BOOL_CONVERSION = YES;
				CLANG_WARN_CONSTANT_CONVERSION = YES;
				CLANG_WARN_DIRECT_OBJC_ISA_USAGE = YES_ERROR;
				CLANG_WARN_DOCUMENTATION_COMMENTS = YES;
				CLANG_WARN_EMPTY_BODY = YES;
				CLANG_WARN_ENUM_CONVERSION = YES;
				CLANG_WARN_INFINITE_RECURSION = YES;
				CLANG_WARN_INT_CONVERSION = YES;
				CLANG_WARN_OBJC_ROOT_CLASS = YES_ERROR;
				CLANG_WARN_SUSPICIOUS_MOVE = YES;
				CLANG_WARN_UNREACHABLE_CODE = YES;
				CLANG_WARN__DUPLICATE_METHOD_MATCH = YES;
				"CODE_SIGN_IDENTITY[sdk=iphoneos*]" = "iPhone Developer";
				COPY_PHASE_STRIP = NO;
				DEBUG_INFORMATION_FORMAT = "dwarf-with-dsym";
				ENABLE_NS_ASSERTIONS = NO;
				ENABLE_STRICT_OBJC_MSGSEND = YES;
				GCC_C_LANGUAGE_STANDARD = gnu99;
				GCC_NO_COMMON_BLOCKS = YES;
				GCC_WARN_64_TO_32_BIT_CONVERSION = YES;
				GCC_WARN_ABOUT_RETURN_TYPE = YES_ERROR;
				GCC_WARN_UNDECLARED_SELECTOR = YES;
				GCC_WARN_UNINITIALIZED_AUTOS = YES_AGGRESSIVE;
				GCC_WARN_UNUSED_FUNCTION = YES;
				GCC_WARN_UNUSED_VARIABLE = YES;
				IPHONEOS_DEPLOYMENT_TARGET = 10.3;
				MTL_ENABLE_DEBUG_INFO = NO;
				SDKROOT = iphoneos;
				SWIFT_OPTIMIZATION_LEVEL = "-Owholemodule";
				TARGETED_DEVICE_FAMILY = "1,2";
				VALIDATE_PRODUCT = YES;
			};
			name = Release;
		};
		6609470E1F21269F006CD4C2 /* Debug */ = {
			isa = XCBuildConfiguration;
			buildSettings = {
				ASSETCATALOG_COMPILER_APPICON_NAME = AppIcon;
				DEVELOPMENT_TEAM = 58997MF796;
				INFOPLIST_FILE = Demo/Info.plist;
				IPHONEOS_DEPLOYMENT_TARGET = 11.0;
				LD_RUNPATH_SEARCH_PATHS = "$(inherited) @executable_path/Frameworks";
				PRODUCT_BUNDLE_IDENTIFIER = com.cy.Demo;
				PRODUCT_NAME = "$(TARGET_NAME)";
				SWIFT_VERSION = 3.0;
			};
			name = Debug;
		};
		6609470F1F21269F006CD4C2 /* Release */ = {
			isa = XCBuildConfiguration;
			buildSettings = {
				ASSETCATALOG_COMPILER_APPICON_NAME = AppIcon;
				DEVELOPMENT_TEAM = 58997MF796;
				INFOPLIST_FILE = Demo/Info.plist;
				IPHONEOS_DEPLOYMENT_TARGET = 11.0;
				LD_RUNPATH_SEARCH_PATHS = "$(inherited) @executable_path/Frameworks";
				PRODUCT_BUNDLE_IDENTIFIER = com.cy.Demo;
				PRODUCT_NAME = "$(TARGET_NAME)";
				SWIFT_VERSION = 3.0;
			};
			name = Release;
		};
/* End XCBuildConfiguration section */

/* Begin XCConfigurationList section */
		660946F61F21269F006CD4C2 /* Build configuration list for PBXProject "Demo" */ = {
			isa = XCConfigurationList;
			buildConfigurations = (
				6609470B1F21269F006CD4C2 /* Debug */,
				6609470C1F21269F006CD4C2 /* Release */,
			);
			defaultConfigurationIsVisible = 0;
			defaultConfigurationName = Release;
		};
		6609470D1F21269F006CD4C2 /* Build configuration list for PBXNativeTarget "Demo" */ = {
			isa = XCConfigurationList;
			buildConfigurations = (
				6609470E1F21269F006CD4C2 /* Debug */,
				6609470F1F21269F006CD4C2 /* Release */,
			);
			defaultConfigurationIsVisible = 0;
			defaultConfigurationName = Release;
		};
/* End XCConfigurationList section */
	};
	rootObject = 660946F31F21269F006CD4C2 /* Project object */;
}
